
Microsoft Visual Studio Solution File, Format Version 12.00
# Visual Studio Version 17
VisualStudioVersion = 17.4.33213.308
MinimumVisualStudioVersion = 10.0.40219.1
Project("{9A19103F-16F7-4668-BE54-9A1E7A4F7556}") = "Week2", "Week2\Week2.csproj", "{1C99F275-C1A2-467A-BA9D-1E3F85DF1E36}"
EndProject
Project("{9A19103F-16F7-4668-BE54-9A1E7A4F7556}") = "UserGenderValidation", "UserAgeValidation\UserGenderValidation.csproj", "{E061660A-B2FD-4466-8510-0C1E454D582F}"
EndProject
Project("{FAE04EC0-301F-11D3-BF4B-00C04F79EFBC}") = "UserAgeValidation1", "UserAgeValidation1\UserAgeValidation1.csproj", "{8F200731-0105-4B4D-807D-887556B417E1}"
EndProject
Global
	GlobalSection(SolutionConfigurationPlatforms) = preSolution
		Debug|Any CPU = Debug|Any CPU
		Release|Any CPU = Release|Any CPU
	EndGlobalSection
	GlobalSection(ProjectConfigurationPlatforms) = postSolution
		{1C99F275-C1A2-467A-BA9D-1E3F85DF1E36}.Debug|Any CPU.ActiveCfg = Debug|Any CPU
		{1C99F275-C1A2-467A-BA9D-1E3F85DF1E36}.Debug|Any CPU.Build.0 = Debug|Any CPU
		{1C99F275-C1A2-467A-BA9D-1E3F85DF1E36}.Release|Any CPU.ActiveCfg = Release|Any CPU
		{1C99F275-C1A2-467A-BA9D-1E3F85DF1E36}.Release|Any CPU.Build.0 = Release|Any CPU
		{E061660A-B2FD-4466-8510-0C1E454D582F}.Debug|Any CPU.ActiveCfg = Debug|Any CPU
		{E061660A-B2FD-4466-8510-0C1E454D582F}.Debug|Any CPU.Build.0 = Debug|Any CPU
		{E061660A-B2FD-4466-8510-0C1E454D582F}.Release|Any CPU.ActiveCfg = Release|Any CPU
		{E061660A-B2FD-4466-8510-0C1E454D582F}.Release|Any CPU.Build.0 = Release|Any CPU
		{8F200731-0105-4B4D-807D-887556B417E1}.Debug|Any CPU.ActiveCfg = Debug|Any CPU
		{8F200731-0105-4B4D-807D-887556B417E1}.Debug|Any CPU.Build.0 = Debug|Any CPU
		{8F200731-0105-4B4D-807D-887556B417E1}.Release|Any CPU.ActiveCfg = Release|Any CPU
		{8F200731-0105-4B4D-807D-887556B417E1}.Release|Any CPU.Build.0 = Release|Any CPU
	EndGlobalSection
	GlobalSection(SolutionProperties) = preSolution
		HideSolutionNode = FALSE
	EndGlobalSection
	GlobalSection(ExtensibilityGlobals) = postSolution
		SolutionGuid = {D76C090A-EA0C-4844-A2D0-4C54F8D475CB}
	EndGlobalSection
EndGlobal
